
Microsoft Visual Studio Solution File, Format Version 12.00
# Visual Studio Version 17
VisualStudioVersion = 17.1.32328.378
MinimumVisualStudioVersion = 10.0.40219.1
Project("{FAE04EC0-301F-11D3-BF4B-00C04F79EFBC}") = "DemoGridView", "DemoGridView\DemoGridView.csproj", "{997A7C2B-5238-45C5-B62E-4ED8955A8177}"
EndProject
Global
	GlobalSection(SolutionConfigurationPlatforms) = preSolution
		Debug|ARM = Debug|ARM
		Debug|ARM64 = Debug|ARM64
		Debug|x64 = Debug|x64
		Debug|x86 = Debug|x86
		Release|ARM = Release|ARM
		Release|ARM64 = Release|ARM64
		Release|x64 = Release|x64
		Release|x86 = Release|x86
	EndGlobalSection
	GlobalSection(ProjectConfigurationPlatforms) = postSolution
		{997A7C2B-5238-45C5-B62E-4ED8955A8177}.Debug|ARM.ActiveCfg = Debug|ARM
		{997A7C2B-5238-45C5-B62E-4ED8955A8177}.Debug|ARM.Build.0 = Debug|ARM
		{997A7C2B-5238-45C5-B62E-4ED8955A8177}.Debug|ARM.Deploy.0 = Debug|ARM
		{997A7C2B-5238-45C5-B62E-4ED8955A8177}.Debug|ARM64.ActiveCfg = Debug|ARM64
		{997A7C2B-5238-45C5-B62E-4ED8955A8177}.Debug|ARM64.Build.0 = Debug|ARM64
		{997A7C2B-5238-45C5-B62E-4ED8955A8177}.Debug|ARM64.Deploy.0 = Debug|ARM64
		{997A7C2B-5238-45C5-B62E-4ED8955A8177}.Debug|x64.ActiveCfg = Debug|x64
		{997A7C2B-5238-45C5-B62E-4ED8955A8177}.Debug|x64.Build.0 = Debug|x64
		{997A7C2B-5238-45C5-B62E-4ED8955A8177}.Debug|x64.Deploy.0 = Debug|x64
		{997A7C2B-5238-45C5-B62E-4ED8955A8177}.Debug|x86.ActiveCfg = Debug|x86
		{997A7C2B-5238-45C5-B62E-4ED8955A8177}.Debug|x86.Build.0 = Debug|x86
		{997A7C2B-5238-45C5-B62E-4ED8955A8177}.Debug|x86.Deploy.0 = Debug|x86
		{997A7C2B-5238-45C5-B62E-4ED8955A8177}.Release|ARM.ActiveCfg = Release|ARM
		{997A7C2B-5238-45C5-B62E-4ED8955A8177}.Release|ARM.Build.0 = Release|ARM
		{997A7C2B-5238-45C5-B62E-4ED8955A8177}.Release|ARM.Deploy.0 = Release|ARM
		{997A7C2B-5238-45C5-B62E-4ED8955A8177}.Release|ARM64.ActiveCfg = Release|ARM64
		{997A7C2B-5238-45C5-B62E-4ED8955A8177}.Release|ARM64.Build.0 = Release|ARM64
		{997A7C2B-5238-45C5-B62E-4ED8955A8177}.Release|ARM64.Deploy.0 = Release|ARM64
		{997A7C2B-5238-45C5-B62E-4ED8955A8177}.Release|x64.ActiveCfg = Release|x64
		{997A7C2B-5238-45C5-B62E-4ED8955A8177}.Release|x64.Build.0 = Release|x64
		{997A7C2B-5238-45C5-B62E-4ED8955A8177}.Release|x64.Deploy.0 = Release|x64
		{997A7C2B-5238-45C5-B62E-4ED8955A8177}.Release|x86.ActiveCfg = Release|x86
		{997A7C2B-5238-45C5-B62E-4ED8955A8177}.Release|x86.Build.0 = Release|x86
		{997A7C2B-5238-45C5-B62E-4ED8955A8177}.Release|x86.Deploy.0 = Release|x86
	EndGlobalSection
	GlobalSection(SolutionProperties) = preSolution
		HideSolutionNode = FALSE
	EndGlobalSection
	GlobalSection(ExtensibilityGlobals) = postSolution
		SolutionGuid = {BA81947C-D077-4040-B341-23795D956F72}
	EndGlobalSection
EndGlobal
